
Microsoft Visual Studio Solution File, Format Version 12.00
# Visual Studio Version 17
VisualStudioVersion = 17.2.32616.157
MinimumVisualStudioVersion = 10.0.40219.1
Project("{FAE04EC0-301F-11D3-BF4B-00C04F79EFBC}") = "API", "API.csproj", "{FA6C3A95-F3FB-406F-A8FA-16CF843E7875}"
EndProject
Global
	GlobalSection(SolutionConfigurationPlatforms) = preSolution
		Debug|Any CPU = Debug|Any CPU
		Release|Any CPU = Release|Any CPU
	EndGlobalSection
	GlobalSection(ProjectConfigurationPlatforms) = postSolution
		{FA6C3A95-F3FB-406F-A8FA-16CF843E7875}.Debug|Any CPU.ActiveCfg = Debug|Any CPU
		{FA6C3A95-F3FB-406F-A8FA-16CF843E7875}.Debug|Any CPU.Build.0 = Debug|Any CPU
		{FA6C3A95-F3FB-406F-A8FA-16CF843E7875}.Release|Any CPU.ActiveCfg = Release|Any CPU
		{FA6C3A95-F3FB-406F-A8FA-16CF843E7875}.Release|Any CPU.Build.0 = Release|Any CPU
	EndGlobalSection
	GlobalSection(SolutionProperties) = preSolution
		HideSolutionNode = FALSE
	EndGlobalSection
	GlobalSection(ExtensibilityGlobals) = postSolution
		SolutionGuid = {D9AD8704-C0D5-406C-8F6D-8460A48462E6}
	EndGlobalSection
EndGlobal
